
Microsoft Visual Studio Solution File, Format Version 12.00
# Visual Studio Version 16
VisualStudioVersion = 16.0.32228.343
MinimumVisualStudioVersion = 10.0.40219.1
Project("{FAE04EC0-301F-11D3-BF4B-00C04F79EFBC}") = "gruppoanthea-it-sfide-strings", "gruppoanthea-it-sfide-strings\gruppoanthea-it-sfide-strings.csproj", "{CCB72103-A790-4D70-9EC7-44DD172B21AC}"
EndProject
Project("{FAE04EC0-301F-11D3-BF4B-00C04F79EFBC}") = "gruppoanthea-it-sfide-sales-backend", "gruppoanthea-it-sfide-sales-backend\gruppoanthea-it-sfide-sales-backend.csproj", "{647BEAC9-9D63-4BA4-80DC-47F7CC1C5405}"
EndProject
Global
	GlobalSection(SolutionConfigurationPlatforms) = preSolution
		Debug|Any CPU = Debug|Any CPU
		Release|Any CPU = Release|Any CPU
	EndGlobalSection
	GlobalSection(ProjectConfigurationPlatforms) = postSolution
		{CCB72103-A790-4D70-9EC7-44DD172B21AC}.Debug|Any CPU.ActiveCfg = Debug|Any CPU
		{CCB72103-A790-4D70-9EC7-44DD172B21AC}.Debug|Any CPU.Build.0 = Debug|Any CPU
		{CCB72103-A790-4D70-9EC7-44DD172B21AC}.Release|Any CPU.ActiveCfg = Release|Any CPU
		{CCB72103-A790-4D70-9EC7-44DD172B21AC}.Release|Any CPU.Build.0 = Release|Any CPU
		{647BEAC9-9D63-4BA4-80DC-47F7CC1C5405}.Debug|Any CPU.ActiveCfg = Debug|Any CPU
		{647BEAC9-9D63-4BA4-80DC-47F7CC1C5405}.Debug|Any CPU.Build.0 = Debug|Any CPU
		{647BEAC9-9D63-4BA4-80DC-47F7CC1C5405}.Release|Any CPU.ActiveCfg = Release|Any CPU
		{647BEAC9-9D63-4BA4-80DC-47F7CC1C5405}.Release|Any CPU.Build.0 = Release|Any CPU
	EndGlobalSection
	GlobalSection(SolutionProperties) = preSolution
		HideSolutionNode = FALSE
	EndGlobalSection
	GlobalSection(ExtensibilityGlobals) = postSolution
		SolutionGuid = {57F6A9DA-3CD5-451D-956D-E083A75558E7}
	EndGlobalSection
EndGlobal
